PODS:
  - Apollo (0.46.0):
    - Apollo/Core (= 0.46.0)
  - Apollo/Core (0.46.0)
  - Kingfisher/Core (5.15.8)
  - Kingfisher/SwiftUI (5.15.8):
    - Kingfisher/Core
  - RxRelay (6.2.0):
    - RxSwift (= 6.2.0)
  - RxSwift (6.2.0)
  - Swinject (2.7.1)

DEPENDENCIES:
  - Apollo
  - Kingfisher/SwiftUI
  - RxRelay
  - RxSwift
  - Swinject

SPEC REPOS:
  trunk:
    - Apollo
    - Kingfisher
    - RxRelay
    - RxSwift
    - Swinject

SPEC CHECKSUMS:
  Apollo: ca7dcc733b75e931a3929e02d77d75330c08e696
  Kingfisher: a3c03d702433fa6cfedabb2bddbe076fb8f2e902
  RxRelay: e72dbfd157807478401ef1982e1c61c945c94b2f
  RxSwift: d356ab7bee873611322f134c5f9ef379fa183d8f
  Swinject: ddf78b8486dd9b71a667b852cad919ab4484478e

PODFILE CHECKSUM: ee0f9755ae92906574943e7faf3c18ed8bbc3684

COCOAPODS: 1.10.1
