// !$*UTF8*$!
{
	archiveVersion = 1;
	classes = {
	};
	objectVersion = 51;
	objects = {

/* Begin PBXBuildFile section */
		570CB47226C7D0CC006F4374 /* GalleryApp.swift in Sources */ = {isa = PBXBuildFile; fileRef = 570CB46B26C7D0CC006F4374 /* GalleryApp.swift */; };
		570CB47426C7D0CC006F4374 /* Assets.xcassets in Resources */ = {isa = PBXBuildFile; fileRef = 570CB46E26C7D0CC006F4374 /* Assets.xcassets */; };
		570CB47526C7D0CC006F4374 /* Preview Assets.xcassets in Resources */ = {isa = PBXBuildFile; fileRef = 570CB47026C7D0CC006F4374 /* Preview Assets.xcassets */; };
		570CB47726C7DB45006F4374 /* MainView.swift in Sources */ = {isa = PBXBuildFile; fileRef = 570CB47626C7DB45006F4374 /* MainView.swift */; };
		570CB47926C7E5D1006F4374 /* Config.swift in Sources */ = {isa = PBXBuildFile; fileRef = 570CB47826C7E5D1006F4374 /* Config.swift */; };
		570CB48026C7E8D2006F4374 /* ApiServiceProtocol.swift in Sources */ = {isa = PBXBuildFile; fileRef = 570CB47F26C7E8D2006F4374 /* ApiServiceProtocol.swift */; };
		570CB48226C7E8E3006F4374 /* ApiService.swift in Sources */ = {isa = PBXBuildFile; fileRef = 570CB48126C7E8E3006F4374 /* ApiService.swift */; };
		570CB48426C7F18E006F4374 /* DefaultQuery.swift in Sources */ = {isa = PBXBuildFile; fileRef = 570CB48326C7F18E006F4374 /* DefaultQuery.swift */; };
		570CB48626C7F411006F4374 /* DefaultAuth.swift in Sources */ = {isa = PBXBuildFile; fileRef = 570CB48526C7F411006F4374 /* DefaultAuth.swift */; };
		570CB48A26C7F694006F4374 /* DefaultApiDefinition.swift in Sources */ = {isa = PBXBuildFile; fileRef = 570CB48926C7F694006F4374 /* DefaultApiDefinition.swift */; };
		570CB48C26C80049006F4374 /* MainViewModel.swift in Sources */ = {isa = PBXBuildFile; fileRef = 570CB48B26C80048006F4374 /* MainViewModel.swift */; };
		77B03336E68746E4AEC05C19 /* Pods_Gallery.framework in Frameworks */ = {isa = PBXBuildFile; fileRef = 5A7AB03774765386F871892D /* Pods_Gallery.framework */; };
/* End PBXBuildFile section */

/* Begin PBXFileReference section */
		0D4DA2C82E541722A18B7D58 /* Pods-Gallery.release.xcconfig */ = {isa = PBXFileReference; includeInIndex = 1; lastKnownFileType = text.xcconfig; name = "Pods-Gallery.release.xcconfig"; path = "Target Support Files/Pods-Gallery/Pods-Gallery.release.xcconfig"; sourceTree = "<group>"; };
		570CB45526C7C725006F4374 /* Gallery.app */ = {isa = PBXFileReference; explicitFileType = wrapper.application; includeInIndex = 0; path = Gallery.app; sourceTree = BUILT_PRODUCTS_DIR; };
		570CB46B26C7D0CC006F4374 /* GalleryApp.swift */ = {isa = PBXFileReference; fileEncoding = 4; lastKnownFileType = sourcecode.swift; path = GalleryApp.swift; sourceTree = "<group>"; };
		570CB46C26C7D0CC006F4374 /* Info.plist */ = {isa = PBXFileReference; fileEncoding = 4; lastKnownFileType = text.plist.xml; path = Info.plist; sourceTree = "<group>"; };
		570CB46E26C7D0CC006F4374 /* Assets.xcassets */ = {isa = PBXFileReference; lastKnownFileType = folder.assetcatalog; path = Assets.xcassets; sourceTree = "<group>"; };
		570CB47026C7D0CC006F4374 /* Preview Assets.xcassets */ = {isa = PBXFileReference; lastKnownFileType = folder.assetcatalog; path = "Preview Assets.xcassets"; sourceTree = "<group>"; };
		570CB47626C7DB45006F4374 /* MainView.swift */ = {isa = PBXFileReference; lastKnownFileType = sourcecode.swift; path = MainView.swift; sourceTree = "<group>"; };
		570CB47826C7E5D1006F4374 /* Config.swift */ = {isa = PBXFileReference; lastKnownFileType = sourcecode.swift; path = Config.swift; sourceTree = "<group>"; };
		570CB47F26C7E8D2006F4374 /* ApiServiceProtocol.swift */ = {isa = PBXFileReference; lastKnownFileType = sourcecode.swift; path = ApiServiceProtocol.swift; sourceTree = "<group>"; };
		570CB48126C7E8E3006F4374 /* ApiService.swift */ = {isa = PBXFileReference; lastKnownFileType = sourcecode.swift; path = ApiService.swift; sourceTree = "<group>"; };
		570CB48326C7F18E006F4374 /* DefaultQuery.swift */ = {isa = PBXFileReference; lastKnownFileType = sourcecode.swift; path = DefaultQuery.swift; sourceTree = "<group>"; };
		570CB48526C7F411006F4374 /* DefaultAuth.swift */ = {isa = PBXFileReference; lastKnownFileType = sourcecode.swift; path = DefaultAuth.swift; sourceTree = "<group>"; };
		570CB48926C7F694006F4374 /* DefaultApiDefinition.swift */ = {isa = PBXFileReference; lastKnownFileType = sourcecode.swift; path = DefaultApiDefinition.swift; sourceTree = "<group>"; };
		570CB48B26C80048006F4374 /* MainViewModel.swift */ = {isa = PBXFileReference; lastKnownFileType = sourcecode.swift; path = MainViewModel.swift; sourceTree = "<group>"; };
		5A7AB03774765386F871892D /* Pods_Gallery.framework */ = {isa = PBXFileReference; explicitFileType = wrapper.framework; includeInIndex = 0; path = Pods_Gallery.framework; sourceTree = BUILT_PRODUCTS_DIR; };
		77BDE4F7F13A99FB5B8CA1A4 /* Pods-Gallery.debug.xcconfig */ = {isa = PBXFileReference; includeInIndex = 1; lastKnownFileType = text.xcconfig; name = "Pods-Gallery.debug.xcconfig"; path = "Target Support Files/Pods-Gallery/Pods-Gallery.debug.xcconfig"; sourceTree = "<group>"; };
/* End PBXFileReference section */

/* Begin PBXFrameworksBuildPhase section */
		570CB45226C7C725006F4374 /* Frameworks */ = {
			isa = PBXFrameworksBuildPhase;
			buildActionMask = 2147483647;
			files = (
				77B03336E68746E4AEC05C19 /* Pods_Gallery.framework in Frameworks */,
			);
			runOnlyForDeploymentPostprocessing = 0;
		};
/* End PBXFrameworksBuildPhase section */

/* Begin PBXGroup section */
		570CB44C26C7C725006F4374 = {
			isa = PBXGroup;
			children = (
				570CB46D26C7D0CC006F4374 /* Resources */,
				570CB46726C7D0CC006F4374 /* Sources */,
				570CB46C26C7D0CC006F4374 /* Info.plist */,
				570CB45626C7C725006F4374 /* Products */,
				C82C29503CA6A0D3DA863B9E /* Pods */,
				BE31354FCC0BF0FEEF7CB0EF /* Frameworks */,
			);
			sourceTree = "<group>";
		};
		570CB45626C7C725006F4374 /* Products */ = {
			isa = PBXGroup;
			children = (
				570CB45526C7C725006F4374 /* Gallery.app */,
			);
			name = Products;
			sourceTree = "<group>";
		};
		570CB46726C7D0CC006F4374 /* Sources */ = {
			isa = PBXGroup;
			children = (
				570CB47B26C7E63D006F4374 /* Managers */,
				570CB47A26C7E633006F4374 /* Services */,
				570CB46826C7D0CC006F4374 /* UI */,
				570CB46B26C7D0CC006F4374 /* GalleryApp.swift */,
				570CB47826C7E5D1006F4374 /* Config.swift */,
			);
			path = Sources;
			sourceTree = "<group>";
		};
		570CB46826C7D0CC006F4374 /* UI */ = {
			isa = PBXGroup;
			children = (
				570CB46926C7D0CC006F4374 /* Main */,
			);
			path = UI;
			sourceTree = "<group>";
		};
		570CB46926C7D0CC006F4374 /* Main */ = {
			isa = PBXGroup;
			children = (
				570CB47626C7DB45006F4374 /* MainView.swift */,
				570CB48B26C80048006F4374 /* MainViewModel.swift */,
			);
			path = Main;
			sourceTree = "<group>";
		};
		570CB46D26C7D0CC006F4374 /* Resources */ = {
			isa = PBXGroup;
			children = (
				570CB46E26C7D0CC006F4374 /* Assets.xcassets */,
				570CB46F26C7D0CC006F4374 /* Preview Content */,
			);
			path = Resources;
			sourceTree = "<group>";
		};
		570CB46F26C7D0CC006F4374 /* Preview Content */ = {
			isa = PBXGroup;
			children = (
				570CB47026C7D0CC006F4374 /* Preview Assets.xcassets */,
			);
			path = "Preview Content";
			sourceTree = "<group>";
		};
		570CB47A26C7E633006F4374 /* Services */ = {
			isa = PBXGroup;
			children = (
				570CB47C26C7E7D5006F4374 /* Api */,
			);
			path = Services;
			sourceTree = "<group>";
		};
		570CB47B26C7E63D006F4374 /* Managers */ = {
			isa = PBXGroup;
			children = (
			);
			path = Managers;
			sourceTree = "<group>";
		};
		570CB47C26C7E7D5006F4374 /* Api */ = {
			isa = PBXGroup;
			children = (
				570CB47F26C7E8D2006F4374 /* ApiServiceProtocol.swift */,
				570CB48126C7E8E3006F4374 /* ApiService.swift */,
				570CB48326C7F18E006F4374 /* DefaultQuery.swift */,
				570CB48526C7F411006F4374 /* DefaultAuth.swift */,
				570CB48926C7F694006F4374 /* DefaultApiDefinition.swift */,
			);
			path = Api;
			sourceTree = "<group>";
		};
		BE31354FCC0BF0FEEF7CB0EF /* Frameworks */ = {
			isa = PBXGroup;
			children = (
				5A7AB03774765386F871892D /* Pods_Gallery.framework */,
			);
			name = Frameworks;
			sourceTree = "<group>";
		};
		C82C29503CA6A0D3DA863B9E /* Pods */ = {
			isa = PBXGroup;
			children = (
				77BDE4F7F13A99FB5B8CA1A4 /* Pods-Gallery.debug.xcconfig */,
				0D4DA2C82E541722A18B7D58 /* Pods-Gallery.release.xcconfig */,
			);
			path = Pods;
			sourceTree = "<group>";
		};
/* End PBXGroup section */

/* Begin PBXNativeTarget section */
		570CB45426C7C725006F4374 /* Gallery */ = {
			isa = PBXNativeTarget;
			buildConfigurationList = 570CB46426C7C72A006F4374 /* Build configuration list for PBXNativeTarget "Gallery" */;
			buildPhases = (
				2B28EC41D02A5F36B56FD02F /* [CP] Check Pods Manifest.lock */,
				570CB45126C7C725006F4374 /* Sources */,
				570CB45226C7C725006F4374 /* Frameworks */,
				570CB45326C7C725006F4374 /* Resources */,
				2758DB291EA90731ADA2F61C /* [CP] Embed Pods Frameworks */,
			);
			buildRules = (
			);
			dependencies = (
			);
			name = Gallery;
			productName = Gallery;
			productReference = 570CB45526C7C725006F4374 /* Gallery.app */;
			productType = "com.apple.product-type.application";
		};
/* End PBXNativeTarget section */

/* Begin PBXProject section */
		570CB44D26C7C725006F4374 /* Project object */ = {
			isa = PBXProject;
			attributes = {
				LastSwiftUpdateCheck = 1250;
				LastUpgradeCheck = 1250;
				TargetAttributes = {
					570CB45426C7C725006F4374 = {
						CreatedOnToolsVersion = 12.5;
					};
				};
			};
			buildConfigurationList = 570CB45026C7C725006F4374 /* Build configuration list for PBXProject "Gallery" */;
			compatibilityVersion = "Xcode 9.3";
			developmentRegion = en;
			hasScannedForEncodings = 0;
			knownRegions = (
				en,
				Base,
			);
			mainGroup = 570CB44C26C7C725006F4374;
			productRefGroup = 570CB45626C7C725006F4374 /* Products */;
			projectDirPath = "";
			projectRoot = "";
			targets = (
				570CB45426C7C725006F4374 /* Gallery */,
			);
		};
/* End PBXProject section */

/* Begin PBXResourcesBuildPhase section */
		570CB45326C7C725006F4374 /* Resources */ = {
			isa = PBXResourcesBuildPhase;
			buildActionMask = 2147483647;
			files = (
				570CB47426C7D0CC006F4374 /* Assets.xcassets in Resources */,
				570CB47526C7D0CC006F4374 /* Preview Assets.xcassets in Resources */,
			);
			runOnlyForDeploymentPostprocessing = 0;
		};
/* End PBXResourcesBuildPhase section */

/* Begin PBXShellScriptBuildPhase section */
		2758DB291EA90731ADA2F61C /* [CP] Embed Pods Frameworks */ = {
			isa = PBXShellScriptBuildPhase;
			buildActionMask = 2147483647;
			files = (
			);
			inputFileListPaths = (
				"${PODS_ROOT}/Target Support Files/Pods-Gallery/Pods-Gallery-frameworks-${CONFIGURATION}-input-files.xcfilelist",
			);
			name = "[CP] Embed Pods Frameworks";
			outputFileListPaths = (
				"${PODS_ROOT}/Target Support Files/Pods-Gallery/Pods-Gallery-frameworks-${CONFIGURATION}-output-files.xcfilelist",
			);
			runOnlyForDeploymentPostprocessing = 0;
			shellPath = /bin/sh;
			shellScript = "\"${PODS_ROOT}/Target Support Files/Pods-Gallery/Pods-Gallery-frameworks.sh\"\n";
			showEnvVarsInLog = 0;
		};
		2B28EC41D02A5F36B56FD02F /* [CP] Check Pods Manifest.lock */ = {
			isa = PBXShellScriptBuildPhase;
			buildActionMask = 2147483647;
			files = (
			);
			inputFileListPaths = (
			);
			inputPaths = (
				"${PODS_PODFILE_DIR_PATH}/Podfile.lock",
				"${PODS_ROOT}/Manifest.lock",
			);
			name = "[CP] Check Pods Manifest.lock";
			outputFileListPaths = (
			);
			outputPaths = (
				"$(DERIVED_FILE_DIR)/Pods-Gallery-checkManifestLockResult.txt",
			);
			runOnlyForDeploymentPostprocessing = 0;
			shellPath = /bin/sh;
			shellScript = "diff \"${PODS_PODFILE_DIR_PATH}/Podfile.lock\" \"${PODS_ROOT}/Manifest.lock\" > /dev/null\nif [ $? != 0 ] ; then\n    # print error to STDERR\n    echo \"error: The sandbox is not in sync with the Podfile.lock. Run 'pod install' or update your CocoaPods installation.\" >&2\n    exit 1\nfi\n# This output is used by Xcode 'outputs' to avoid re-running this script phase.\necho \"SUCCESS\" > \"${SCRIPT_OUTPUT_FILE_0}\"\n";
			showEnvVarsInLog = 0;
		};
/* End PBXShellScriptBuildPhase section */

/* Begin PBXSourcesBuildPhase section */
		570CB45126C7C725006F4374 /* Sources */ = {
			isa = PBXSourcesBuildPhase;
			buildActionMask = 2147483647;
			files = (
				570CB48426C7F18E006F4374 /* DefaultQuery.swift in Sources */,
				570CB48026C7E8D2006F4374 /* ApiServiceProtocol.swift in Sources */,
				570CB48226C7E8E3006F4374 /* ApiService.swift in Sources */,
				570CB47226C7D0CC006F4374 /* GalleryApp.swift in Sources */,
				570CB47726C7DB45006F4374 /* MainView.swift in Sources */,
				570CB48A26C7F694006F4374 /* DefaultApiDefinition.swift in Sources */,
				570CB47926C7E5D1006F4374 /* Config.swift in Sources */,
				570CB48626C7F411006F4374 /* DefaultAuth.swift in Sources */,
				570CB48C26C80049006F4374 /* MainViewModel.swift in Sources */,
			);
			runOnlyForDeploymentPostprocessing = 0;
		};
/* End PBXSourcesBuildPhase section */

/* Begin XCBuildConfiguration section */
		570CB46226C7C72A006F4374 /* Debug */ = {
			isa = XCBuildConfiguration;
			buildSettings = {
				ALWAYS_SEARCH_USER_PATHS = NO;
				CLANG_ANALYZER_NONNULL = YES;
				CLANG_ANALYZER_NUMBER_OBJECT_CONVERSION = YES_AGGRESSIVE;
				CLANG_CXX_LANGUAGE_STANDARD = "gnu++14";
				CLANG_CXX_LIBRARY = "libc++";
				CLANG_ENABLE_MODULES = YES;
				CLANG_ENABLE_OBJC_ARC = YES;
				CLANG_ENABLE_OBJC_WEAK = YES;
				CLANG_WARN_BLOCK_CAPTURE_AUTORELEASING = YES;
				CLANG_WARN_BOOL_CONVERSION = YES;
				CLANG_WARN_COMMA = YES;
				CLANG_WARN_CONSTANT_CONVERSION = YES;
				CLANG_WARN_DEPRECATED_OBJC_IMPLEMENTATIONS = YES;
				CLANG_WARN_DIRECT_OBJC_ISA_USAGE = YES_ERROR;
				CLANG_WARN_DOCUMENTATION_COMMENTS = YES;
				CLANG_WARN_EMPTY_BODY = YES;
				CLANG_WARN_ENUM_CONVERSION = YES;
				CLANG_WARN_INFINITE_RECURSION = YES;
				CLANG_WARN_INT_CONVERSION = YES;
				CLANG_WARN_NON_LITERAL_NULL_CONVERSION = YES;
				CLANG_WARN_OBJC_IMPLICIT_RETAIN_SELF = YES;
				CLANG_WARN_OBJC_LITERAL_CONVERSION = YES;
				CLANG_WARN_OBJC_ROOT_CLASS = YES_ERROR;
				CLANG_WARN_QUOTED_INCLUDE_IN_FRAMEWORK_HEADER = YES;
				CLANG_WARN_RANGE_LOOP_ANALYSIS = YES;
				CLANG_WARN_STRICT_PROTOTYPES = YES;
				CLANG_WARN_SUSPICIOUS_MOVE = YES;
				CLANG_WARN_UNGUARDED_AVAILABILITY = YES_AGGRESSIVE;
				CLANG_WARN_UNREACHABLE_CODE = YES;
				CLANG_WARN__DUPLICATE_METHOD_MATCH = YES;
				COPY_PHASE_STRIP = NO;
				DEBUG_INFORMATION_FORMAT = dwarf;
				ENABLE_STRICT_OBJC_MSGSEND = YES;
				ENABLE_TESTABILITY = YES;
				GCC_C_LANGUAGE_STANDARD = gnu11;
				GCC_DYNAMIC_NO_PIC = NO;
				GCC_NO_COMMON_BLOCKS = YES;
				GCC_OPTIMIZATION_LEVEL = 0;
				GCC_PREPROCESSOR_DEFINITIONS = (
					"DEBUG=1",
					"$(inherited)",
				);
				GCC_WARN_64_TO_32_BIT_CONVERSION = YES;
				GCC_WARN_ABOUT_RETURN_TYPE = YES_ERROR;
				GCC_WARN_UNDECLARED_SELECTOR = YES;
				GCC_WARN_UNINITIALIZED_AUTOS = YES_AGGRESSIVE;
				GCC_WARN_UNUSED_FUNCTION = YES;
				GCC_WARN_UNUSED_VARIABLE = YES;
				IPHONEOS_DEPLOYMENT_TARGET = 14.5;
				MTL_ENABLE_DEBUG_INFO = INCLUDE_SOURCE;
				MTL_FAST_MATH = YES;
				ONLY_ACTIVE_ARCH = YES;
				SDKROOT = iphoneos;
				SWIFT_ACTIVE_COMPILATION_CONDITIONS = DEBUG;
				SWIFT_OPTIMIZATION_LEVEL = "-Onone";
			};
			name = Debug;
		};
		570CB46326C7C72A006F4374 /* Release */ = {
			isa = XCBuildConfiguration;
			buildSettings = {
				ALWAYS_SEARCH_USER_PATHS = NO;
				CLANG_ANALYZER_NONNULL = YES;
				CLANG_ANALYZER_NUMBER_OBJECT_CONVERSION = YES_AGGRESSIVE;
				CLANG_CXX_LANGUAGE_STANDARD = "gnu++14";
				CLANG_CXX_LIBRARY = "libc++";
				CLANG_ENABLE_MODULES = YES;
				CLANG_ENABLE_OBJC_ARC = YES;
				CLANG_ENABLE_OBJC_WEAK = YES;
				CLANG_WARN_BLOCK_CAPTURE_AUTORELEASING = YES;
				CLANG_WARN_BOOL_CONVERSION = YES;
				CLANG_WARN_COMMA = YES;
				CLANG_WARN_CONSTANT_CONVERSION = YES;
				CLANG_WARN_DEPRECATED_OBJC_IMPLEMENTATIONS = YES;
				CLANG_WARN_DIRECT_OBJC_ISA_USAGE = YES_ERROR;
				CLANG_WARN_DOCUMENTATION_COMMENTS = YES;
				CLANG_WARN_EMPTY_BODY = YES;
				CLANG_WARN_ENUM_CONVERSION = YES;
				CLANG_WARN_INFINITE_RECURSION = YES;
				CLANG_WARN_INT_CONVERSION = YES;
				CLANG_WARN_NON_LITERAL_NULL_CONVERSION = YES;
				CLANG_WARN_OBJC_IMPLICIT_RETAIN_SELF = YES;
				CLANG_WARN_OBJC_LITERAL_CONVERSION = YES;
				CLANG_WARN_OBJC_ROOT_CLASS = YES_ERROR;
				CLANG_WARN_QUOTED_INCLUDE_IN_FRAMEWORK_HEADER = YES;
				CLANG_WARN_RANGE_LOOP_ANALYSIS = YES;
				CLANG_WARN_STRICT_PROTOTYPES = YES;
				CLANG_WARN_SUSPICIOUS_MOVE = YES;
				CLANG_WARN_UNGUARDED_AVAILABILITY = YES_AGGRESSIVE;
				CLANG_WARN_UNREACHABLE_CODE = YES;
				CLANG_WARN__DUPLICATE_METHOD_MATCH = YES;
				COPY_PHASE_STRIP = NO;
				DEBUG_INFORMATION_FORMAT = "dwarf-with-dsym";
				ENABLE_NS_ASSERTIONS = NO;
				ENABLE_STRICT_OBJC_MSGSEND = YES;
				GCC_C_LANGUAGE_STANDARD = gnu11;
				GCC_NO_COMMON_BLOCKS = YES;
				GCC_WARN_64_TO_32_BIT_CONVERSION = YES;
				GCC_WARN_ABOUT_RETURN_TYPE = YES_ERROR;
				GCC_WARN_UNDECLARED_SELECTOR = YES;
				GCC_WARN_UNINITIALIZED_AUTOS = YES_AGGRESSIVE;
				GCC_WARN_UNUSED_FUNCTION = YES;
				GCC_WARN_UNUSED_VARIABLE = YES;
				IPHONEOS_DEPLOYMENT_TARGET = 14.5;
				MTL_ENABLE_DEBUG_INFO = NO;
				MTL_FAST_MATH = YES;
				SDKROOT = iphoneos;
				SWIFT_COMPILATION_MODE = wholemodule;
				SWIFT_OPTIMIZATION_LEVEL = "-O";
				VALIDATE_PRODUCT = YES;
			};
			name = Release;
		};
		570CB46526C7C72A006F4374 /* Debug */ = {
			isa = XCBuildConfiguration;
			baseConfigurationReference = 77BDE4F7F13A99FB5B8CA1A4 /* Pods-Gallery.debug.xcconfig */;
			buildSettings = {
				ASSETCATALOG_COMPILER_APPICON_NAME = AppIcon;
				ASSETCATALOG_COMPILER_GLOBAL_ACCENT_COLOR_NAME = AccentColor;
				CODE_SIGN_IDENTITY = "Apple Development";
				CODE_SIGN_STYLE = Automatic;
				DEVELOPMENT_ASSET_PATHS = "\"Resources/Preview Content\"";
				DEVELOPMENT_TEAM = HU8N8F5G9F;
				ENABLE_PREVIEWS = YES;
				INFOPLIST_FILE = "$(SRCROOT)/Info.plist";
				IPHONEOS_DEPLOYMENT_TARGET = 14.1;
				LD_RUNPATH_SEARCH_PATHS = (
					"$(inherited)",
					"@executable_path/Frameworks",
				);
				PRODUCT_BUNDLE_IDENTIFIER = com.victor.gallery;
				PRODUCT_NAME = "$(TARGET_NAME)";
				PROVISIONING_PROFILE_SPECIFIER = "";
				SWIFT_VERSION = 5.0;
				TARGETED_DEVICE_FAMILY = 1;
			};
			name = Debug;
		};
		570CB46626C7C72A006F4374 /* Release */ = {
			isa = XCBuildConfiguration;
			baseConfigurationReference = 0D4DA2C82E541722A18B7D58 /* Pods-Gallery.release.xcconfig */;
			buildSettings = {
				ASSETCATALOG_COMPILER_APPICON_NAME = AppIcon;
				ASSETCATALOG_COMPILER_GLOBAL_ACCENT_COLOR_NAME = AccentColor;
				CODE_SIGN_IDENTITY = "Apple Development";
				CODE_SIGN_STYLE = Automatic;
				DEVELOPMENT_ASSET_PATHS = "\"Resources/Preview Content\"";
				DEVELOPMENT_TEAM = HU8N8F5G9F;
				ENABLE_PREVIEWS = YES;
				INFOPLIST_FILE = "$(SRCROOT)/Info.plist";
				IPHONEOS_DEPLOYMENT_TARGET = 14.1;
				LD_RUNPATH_SEARCH_PATHS = (
					"$(inherited)",
					"@executable_path/Frameworks",
				);
				PRODUCT_BUNDLE_IDENTIFIER = com.victor.gallery;
				PRODUCT_NAME = "$(TARGET_NAME)";
				PROVISIONING_PROFILE_SPECIFIER = "";
				SWIFT_VERSION = 5.0;
				TARGETED_DEVICE_FAMILY = 1;
			};
			name = Release;
		};
/* End XCBuildConfiguration section */

/* Begin XCConfigurationList section */
		570CB45026C7C725006F4374 /* Build configuration list for PBXProject "Gallery" */ = {
			isa = XCConfigurationList;
			buildConfigurations = (
				570CB46226C7C72A006F4374 /* Debug */,
				570CB46326C7C72A006F4374 /* Release */,
			);
			defaultConfigurationIsVisible = 0;
			defaultConfigurationName = Release;
		};
		570CB46426C7C72A006F4374 /* Build configuration list for PBXNativeTarget "Gallery" */ = {
			isa = XCConfigurationList;
			buildConfigurations = (
				570CB46526C7C72A006F4374 /* Debug */,
				570CB46626C7C72A006F4374 /* Release */,
			);
			defaultConfigurationIsVisible = 0;
			defaultConfigurationName = Release;
		};
/* End XCConfigurationList section */
	};
	rootObject = 570CB44D26C7C725006F4374 /* Project object */;
}
